// !$*UTF8*$!
{
	archiveVersion = 1;
	classes = {
	};
	objectVersion = 46;
	objects = {

/* Begin PBXBuildFile section */
		F6EDC68C1B35E14B00444A2F /* main.m in Sources */ = {isa = PBXBuildFile; fileRef = F6EDC68B1B35E14B00444A2F /* main.m */; };
		F6EDC68F1B35E14B00444A2F /* AppDelegate.m in Sources */ = {isa = PBXBuildFile; fileRef = F6EDC68E1B35E14B00444A2F /* AppDelegate.m */; };
		F6EDC6951B35E14B00444A2F /* Main.storyboard in Resources */ = {isa = PBXBuildFile; fileRef = F6EDC6931B35E14B00444A2F /* Main.storyboard */; };
		F6EDC6971B35E14B00444A2F /* Images.xcassets in Resources */ = {isa = PBXBuildFile; fileRef = F6EDC6961B35E14B00444A2F /* Images.xcassets */; };
		F6EDC69A1B35E14B00444A2F /* LaunchScreen.xib in Resources */ = {isa = PBXBuildFile; fileRef = F6EDC6981B35E14B00444A2F /* LaunchScreen.xib */; };
		F6EDC6A61B35E14B00444A2F /* EatNomsMapTests.m in Sources */ = {isa = PBXBuildFile; fileRef = F6EDC6A51B35E14B00444A2F /* EatNomsMapTests.m */; };
		F6EDC6B11B35E5F600444A2F /* Bolts.framework in Frameworks */ = {isa = PBXBuildFile; fileRef = F6EDC6AF1B35E5F600444A2F /* Bolts.framework */; };
		F6EDC6B21B35E5F600444A2F /* Parse.framework in Frameworks */ = {isa = PBXBuildFile; fileRef = F6EDC6B01B35E5F600444A2F /* Parse.framework */; };
		F6EDC6B51B35E63500444A2F /* AudioToolbox.framework in Frameworks */ = {isa = PBXBuildFile; fileRef = F6EDC6B41B35E63500444A2F /* AudioToolbox.framework */; };
		F6EDC6B71B35E64300444A2F /* CFNetwork.framework in Frameworks */ = {isa = PBXBuildFile; fileRef = F6EDC6B61B35E64300444A2F /* CFNetwork.framework */; };
		F6EDC6B91B35E65300444A2F /* CoreGraphics.framework in Frameworks */ = {isa = PBXBuildFile; fileRef = F6EDC6B81B35E65300444A2F /* CoreGraphics.framework */; };
		F6EDC6BB1B35E66300444A2F /* CoreLocation.framework in Frameworks */ = {isa = PBXBuildFile; fileRef = F6EDC6BA1B35E66300444A2F /* CoreLocation.framework */; };
		F6EDC6BD1B35E67200444A2F /* MobileCoreServices.framework in Frameworks */ = {isa = PBXBuildFile; fileRef = F6EDC6BC1B35E67200444A2F /* MobileCoreServices.framework */; };
		F6EDC6BF1B35E67C00444A2F /* QuartzCore.framework in Frameworks */ = {isa = PBXBuildFile; fileRef = F6EDC6BE1B35E67C00444A2F /* QuartzCore.framework */; };
		F6EDC6C11B35E68A00444A2F /* Security.framework in Frameworks */ = {isa = PBXBuildFile; fileRef = F6EDC6C01B35E68A00444A2F /* Security.framework */; };
		F6EDC6C31B35E69700444A2F /* StoreKit.framework in Frameworks */ = {isa = PBXBuildFile; fileRef = F6EDC6C21B35E69700444A2F /* StoreKit.framework */; };
		F6EDC6C51B35E6A800444A2F /* SystemConfiguration.framework in Frameworks */ = {isa = PBXBuildFile; fileRef = F6EDC6C41B35E6A800444A2F /* SystemConfiguration.framework */; };
		F6EDC6C71B35E6BB00444A2F /* libz.dylib in Frameworks */ = {isa = PBXBuildFile; fileRef = F6EDC6C61B35E6BB00444A2F /* libz.dylib */; };
		F6EDC6C91B35E6CE00444A2F /* libsqlite3.dylib in Frameworks */ = {isa = PBXBuildFile; fileRef = F6EDC6C81B35E6CE00444A2F /* libsqlite3.dylib */; };
		F6EDC6CC1B35E91E00444A2F /* HomeViewController.m in Sources */ = {isa = PBXBuildFile; fileRef = F6EDC6CB1B35E91E00444A2F /* HomeViewController.m */; };
		F6EDC6CF1B35F12200444A2F /* MapsViewController.m in Sources */ = {isa = PBXBuildFile; fileRef = F6EDC6CE1B35F12200444A2F /* MapsViewController.m */; };
		F6EDC6D11B35FF7700444A2F /* MapKit.framework in Frameworks */ = {isa = PBXBuildFile; fileRef = F6EDC6D01B35FF7700444A2F /* MapKit.framework */; };
		F6EDC6D41B36202900444A2F /* dropPin.m in Sources */ = {isa = PBXBuildFile; fileRef = F6EDC6D31B36202900444A2F /* dropPin.m */; };
		F6EDC6D91B37480A00444A2F /* MapListViewController.m in Sources */ = {isa = PBXBuildFile; fileRef = F6EDC6D81B37480A00444A2F /* MapListViewController.m */; };
/* End PBXBuildFile section */

/* Begin PBXContainerItemProxy section */
		F6EDC6A01B35E14B00444A2F /* PBXContainerItemProxy */ = {
			isa = PBXContainerItemProxy;
			containerPortal = F6EDC67E1B35E14B00444A2F /* Project object */;
			proxyType = 1;
			remoteGlobalIDString = F6EDC6851B35E14B00444A2F;
			remoteInfo = EatNomsMap;
		};
/* End PBXContainerItemProxy section */

/* Begin PBXFileReference section */
		F6EDC6861B35E14B00444A2F /* EatNomsMap.app */ = {isa = PBXFileReference; explicitFileType = wrapper.application; includeInIndex = 0; path = EatNomsMap.app; sourceTree = BUILT_PRODUCTS_DIR; };
		F6EDC68A1B35E14B00444A2F /* Info.plist */ = {isa = PBXFileReference; lastKnownFileType = text.plist.xml; path = Info.plist; sourceTree = "<group>"; };
		F6EDC68B1B35E14B00444A2F /* main.m */ = {isa = PBXFileReference; lastKnownFileType = sourcecode.c.objc; path = main.m; sourceTree = "<group>"; };
		F6EDC68D1B35E14B00444A2F /* AppDelegate.h */ = {isa = PBXFileReference; lastKnownFileType = sourcecode.c.h; name = AppDelegate.h; path = EatNomsMap/AppDelegate.h; sourceTree = "<group>"; };
		F6EDC68E1B35E14B00444A2F /* AppDelegate.m */ = {isa = PBXFileReference; lastKnownFileType = sourcecode.c.objc; name = AppDelegate.m; path = EatNomsMap/AppDelegate.m; sourceTree = "<group>"; };
		F6EDC6941B35E14B00444A2F /* Base */ = {isa = PBXFileReference; lastKnownFileType = file.storyboard; name = Base; path = Base.lproj/Main.storyboard; sourceTree = "<group>"; };
		F6EDC6961B35E14B00444A2F /* Images.xcassets */ = {isa = PBXFileReference; lastKnownFileType = folder.assetcatalog; path = Images.xcassets; sourceTree = "<group>"; };
		F6EDC6991B35E14B00444A2F /* Base */ = {isa = PBXFileReference; lastKnownFileType = file.xib; name = Base; path = Base.lproj/LaunchScreen.xib; sourceTree = "<group>"; };
		F6EDC69F1B35E14B00444A2F /* EatNomsMapTests.xctest */ = {isa = PBXFileReference; explicitFileType = wrapper.cfbundle; includeInIndex = 0; path = EatNomsMapTests.xctest; sourceTree = BUILT_PRODUCTS_DIR; };
		F6EDC6A41B35E14B00444A2F /* Info.plist */ = {isa = PBXFileReference; lastKnownFileType = text.plist.xml; path = Info.plist; sourceTree = "<group>"; };
		F6EDC6A51B35E14B00444A2F /* EatNomsMapTests.m */ = {isa = PBXFileReference; lastKnownFileType = sourcecode.c.objc; path = EatNomsMapTests.m; sourceTree = "<group>"; };
		F6EDC6AF1B35E5F600444A2F /* Bolts.framework */ = {isa = PBXFileReference; lastKnownFileType = wrapper.framework; path = Bolts.framework; sourceTree = "<group>"; };
		F6EDC6B01B35E5F600444A2F /* Parse.framework */ = {isa = PBXFileReference; lastKnownFileType = wrapper.framework; path = Parse.framework; sourceTree = "<group>"; };
		F6EDC6B41B35E63500444A2F /* AudioToolbox.framework */ = {isa = PBXFileReference; lastKnownFileType = wrapper.framework; name = AudioToolbox.framework; path = System/Library/Frameworks/AudioToolbox.framework; sourceTree = SDKROOT; };
		F6EDC6B61B35E64300444A2F /* CFNetwork.framework */ = {isa = PBXFileReference; lastKnownFileType = wrapper.framework; name = CFNetwork.framework; path = System/Library/Frameworks/CFNetwork.framework; sourceTree = SDKROOT; };
		F6EDC6B81B35E65300444A2F /* CoreGraphics.framework */ = {isa = PBXFileReference; lastKnownFileType = wrapper.framework; name = CoreGraphics.framework; path = System/Library/Frameworks/CoreGraphics.framework; sourceTree = SDKROOT; };
		F6EDC6BA1B35E66300444A2F /* CoreLocation.framework */ = {isa = PBXFileReference; lastKnownFileType = wrapper.framework; name = CoreLocation.framework; path = System/Library/Frameworks/CoreLocation.framework; sourceTree = SDKROOT; };
		F6EDC6BC1B35E67200444A2F /* MobileCoreServices.framework */ = {isa = PBXFileReference; lastKnownFileType = wrapper.framework; name = MobileCoreServices.framework; path = System/Library/Frameworks/MobileCoreServices.framework; sourceTree = SDKROOT; };
		F6EDC6BE1B35E67C00444A2F /* QuartzCore.framework */ = {isa = PBXFileReference; lastKnownFileType = wrapper.framework; name = QuartzCore.framework; path = System/Library/Frameworks/QuartzCore.framework; sourceTree = SDKROOT; };
		F6EDC6C01B35E68A00444A2F /* Security.framework */ = {isa = PBXFileReference; lastKnownFileType = wrapper.framework; name = Security.framework; path = System/Library/Frameworks/Security.framework; sourceTree = SDKROOT; };
		F6EDC6C21B35E69700444A2F /* StoreKit.framework */ = {isa = PBXFileReference; lastKnownFileType = wrapper.framework; name = StoreKit.framework; path = System/Library/Frameworks/StoreKit.framework; sourceTree = SDKROOT; };
		F6EDC6C41B35E6A800444A2F /* SystemConfiguration.framework */ = {isa = PBXFileReference; lastKnownFileType = wrapper.framework; name = SystemConfiguration.framework; path = System/Library/Frameworks/SystemConfiguration.framework; sourceTree = SDKROOT; };
		F6EDC6C61B35E6BB00444A2F /* libz.dylib */ = {isa = PBXFileReference; lastKnownFileType = "compiled.mach-o.dylib"; name = libz.dylib; path = usr/lib/libz.dylib; sourceTree = SDKROOT; };
		F6EDC6C81B35E6CE00444A2F /* libsqlite3.dylib */ = {isa = PBXFileReference; lastKnownFileType = "compiled.mach-o.dylib"; name = libsqlite3.dylib; path = usr/lib/libsqlite3.dylib; sourceTree = SDKROOT; };
		F6EDC6CA1B35E91E00444A2F /* HomeViewController.h */ = {isa = PBXFileReference; fileEncoding = 4; lastKnownFileType = sourcecode.c.h; path = HomeViewController.h; sourceTree = "<group>"; };
		F6EDC6CB1B35E91E00444A2F /* HomeViewController.m */ = {isa = PBXFileReference; fileEncoding = 4; lastKnownFileType = sourcecode.c.objc; path = HomeViewController.m; sourceTree = "<group>"; };
		F6EDC6CD1B35F12200444A2F /* MapsViewController.h */ = {isa = PBXFileReference; fileEncoding = 4; lastKnownFileType = sourcecode.c.h; name = MapsViewController.h; path = ../MapsViewController.h; sourceTree = "<group>"; };
		F6EDC6CE1B35F12200444A2F /* MapsViewController.m */ = {isa = PBXFileReference; fileEncoding = 4; lastKnownFileType = sourcecode.c.objc; name = MapsViewController.m; path = ../MapsViewController.m; sourceTree = "<group>"; };
		F6EDC6D01B35FF7700444A2F /* MapKit.framework */ = {isa = PBXFileReference; lastKnownFileType = wrapper.framework; name = MapKit.framework; path = System/Library/Frameworks/MapKit.framework; sourceTree = SDKROOT; };
		F6EDC6D21B36202900444A2F /* dropPin.h */ = {isa = PBXFileReference; fileEncoding = 4; lastKnownFileType = sourcecode.c.h; path = dropPin.h; sourceTree = "<group>"; };
		F6EDC6D31B36202900444A2F /* dropPin.m */ = {isa = PBXFileReference; fileEncoding = 4; lastKnownFileType = sourcecode.c.objc; path = dropPin.m; sourceTree = "<group>"; };
		F6EDC6D71B37480A00444A2F /* MapListViewController.h */ = {isa = PBXFileReference; fileEncoding = 4; lastKnownFileType = sourcecode.c.h; name = MapListViewController.h; path = ../MapListViewController.h; sourceTree = "<group>"; };
		F6EDC6D81B37480A00444A2F /* MapListViewController.m */ = {isa = PBXFileReference; fileEncoding = 4; lastKnownFileType = sourcecode.c.objc; name = MapListViewController.m; path = ../MapListViewController.m; sourceTree = "<group>"; };
/* End PBXFileReference section */

/* Begin PBXFrameworksBuildPhase section */
		F6EDC6831B35E14B00444A2F /* Frameworks */ = {
			isa = PBXFrameworksBuildPhase;
			buildActionMask = 2147483647;
			files = (
				F6EDC6D11B35FF7700444A2F /* MapKit.framework in Frameworks */,
				F6EDC6C91B35E6CE00444A2F /* libsqlite3.dylib in Frameworks */,
				F6EDC6C71B35E6BB00444A2F /* libz.dylib in Frameworks */,
				F6EDC6C51B35E6A800444A2F /* SystemConfiguration.framework in Frameworks */,
				F6EDC6C31B35E69700444A2F /* StoreKit.framework in Frameworks */,
				F6EDC6C11B35E68A00444A2F /* Security.framework in Frameworks */,
				F6EDC6BF1B35E67C00444A2F /* QuartzCore.framework in Frameworks */,
				F6EDC6BD1B35E67200444A2F /* MobileCoreServices.framework in Frameworks */,
				F6EDC6BB1B35E66300444A2F /* CoreLocation.framework in Frameworks */,
				F6EDC6B91B35E65300444A2F /* CoreGraphics.framework in Frameworks */,
				F6EDC6B71B35E64300444A2F /* CFNetwork.framework in Frameworks */,
				F6EDC6B51B35E63500444A2F /* AudioToolbox.framework in Frameworks */,
				F6EDC6B21B35E5F600444A2F /* Parse.framework in Frameworks */,
				F6EDC6B11B35E5F600444A2F /* Bolts.framework in Frameworks */,
			);
			runOnlyForDeploymentPostprocessing = 0;
		};
		F6EDC69C1B35E14B00444A2F /* Frameworks */ = {
			isa = PBXFrameworksBuildPhase;
			buildActionMask = 2147483647;
			files = (
			);
			runOnlyForDeploymentPostprocessing = 0;
		};
/* End PBXFrameworksBuildPhase section */

/* Begin PBXGroup section */
		F6EDC67D1B35E14B00444A2F = {
			isa = PBXGroup;
			children = (
				F6EDC6D01B35FF7700444A2F /* MapKit.framework */,
				F6EDC68D1B35E14B00444A2F /* AppDelegate.h */,
				F6EDC68E1B35E14B00444A2F /* AppDelegate.m */,
				F6EDC6931B35E14B00444A2F /* Main.storyboard */,
				F6EDC6881B35E14B00444A2F /* EatNomsMap */,
				F6EDC6A21B35E14B00444A2F /* EatNomsMapTests */,
				F6EDC6871B35E14B00444A2F /* Products */,
			);
			sourceTree = "<group>";
		};
		F6EDC6871B35E14B00444A2F /* Products */ = {
			isa = PBXGroup;
			children = (
				F6EDC6861B35E14B00444A2F /* EatNomsMap.app */,
				F6EDC69F1B35E14B00444A2F /* EatNomsMapTests.xctest */,
			);
			name = Products;
			sourceTree = "<group>";
		};
		F6EDC6881B35E14B00444A2F /* EatNomsMap */ = {
			isa = PBXGroup;
			children = (
				F6EDC6D71B37480A00444A2F /* MapListViewController.h */,
				F6EDC6D81B37480A00444A2F /* MapListViewController.m */,
				F6EDC6CD1B35F12200444A2F /* MapsViewController.h */,
				F6EDC6CE1B35F12200444A2F /* MapsViewController.m */,
				F6EDC6D21B36202900444A2F /* dropPin.h */,
				F6EDC6D31B36202900444A2F /* dropPin.m */,
				F6EDC6CA1B35E91E00444A2F /* HomeViewController.h */,
				F6EDC6CB1B35E91E00444A2F /* HomeViewController.m */,
				F6EDC6961B35E14B00444A2F /* Images.xcassets */,
				F6EDC6B31B35E60B00444A2F /* FrameWorks */,
				F6EDC6981B35E14B00444A2F /* LaunchScreen.xib */,
				F6EDC6891B35E14B00444A2F /* Supporting Files */,
			);
			path = EatNomsMap;
			sourceTree = "<group>";
		};
		F6EDC6891B35E14B00444A2F /* Supporting Files */ = {
			isa = PBXGroup;
			children = (
				F6EDC68A1B35E14B00444A2F /* Info.plist */,
				F6EDC68B1B35E14B00444A2F /* main.m */,
			);
			name = "Supporting Files";
			sourceTree = "<group>";
		};
		F6EDC6A21B35E14B00444A2F /* EatNomsMapTests */ = {
			isa = PBXGroup;
			children = (
				F6EDC6A51B35E14B00444A2F /* EatNomsMapTests.m */,
				F6EDC6A31B35E14B00444A2F /* Supporting Files */,
			);
			path = EatNomsMapTests;
			sourceTree = "<group>";
		};
		F6EDC6A31B35E14B00444A2F /* Supporting Files */ = {
			isa = PBXGroup;
			children = (
				F6EDC6A41B35E14B00444A2F /* Info.plist */,
			);
			name = "Supporting Files";
			sourceTree = "<group>";
		};
		F6EDC6B31B35E60B00444A2F /* FrameWorks */ = {
			isa = PBXGroup;
			children = (
				F6EDC6C41B35E6A800444A2F /* SystemConfiguration.framework */,
				F6EDC6C21B35E69700444A2F /* StoreKit.framework */,
				F6EDC6C01B35E68A00444A2F /* Security.framework */,
				F6EDC6BE1B35E67C00444A2F /* QuartzCore.framework */,
				F6EDC6BC1B35E67200444A2F /* MobileCoreServices.framework */,
				F6EDC6BA1B35E66300444A2F /* CoreLocation.framework */,
				F6EDC6B81B35E65300444A2F /* CoreGraphics.framework */,
				F6EDC6B61B35E64300444A2F /* CFNetwork.framework */,
				F6EDC6B41B35E63500444A2F /* AudioToolbox.framework */,
				F6EDC6AF1B35E5F600444A2F /* Bolts.framework */,
				F6EDC6B01B35E5F600444A2F /* Parse.framework */,
				F6EDC6C61B35E6BB00444A2F /* libz.dylib */,
				F6EDC6C81B35E6CE00444A2F /* libsqlite3.dylib */,
			);
			name = FrameWorks;
			sourceTree = "<group>";
		};
/* End PBXGroup section */

/* Begin PBXNativeTarget section */
		F6EDC6851B35E14B00444A2F /* EatNomsMap */ = {
			isa = PBXNativeTarget;
			buildConfigurationList = F6EDC6A91B35E14B00444A2F /* Build configuration list for PBXNativeTarget "EatNomsMap" */;
			buildPhases = (
				F6EDC6821B35E14B00444A2F /* Sources */,
				F6EDC6831B35E14B00444A2F /* Frameworks */,
				F6EDC6841B35E14B00444A2F /* Resources */,
			);
			buildRules = (
			);
			dependencies = (
			);
			name = EatNomsMap;
			productName = EatNomsMap;
			productReference = F6EDC6861B35E14B00444A2F /* EatNomsMap.app */;
			productType = "com.apple.product-type.application";
		};
		F6EDC69E1B35E14B00444A2F /* EatNomsMapTests */ = {
			isa = PBXNativeTarget;
			buildConfigurationList = F6EDC6AC1B35E14B00444A2F /* Build configuration list for PBXNativeTarget "EatNomsMapTests" */;
			buildPhases = (
				F6EDC69B1B35E14B00444A2F /* Sources */,
				F6EDC69C1B35E14B00444A2F /* Frameworks */,
				F6EDC69D1B35E14B00444A2F /* Resources */,
			);
			buildRules = (
			);
			dependencies = (
				F6EDC6A11B35E14B00444A2F /* PBXTargetDependency */,
			);
			name = EatNomsMapTests;
			productName = EatNomsMapTests;
			productReference = F6EDC69F1B35E14B00444A2F /* EatNomsMapTests.xctest */;
			productType = "com.apple.product-type.bundle.unit-test";
		};
/* End PBXNativeTarget section */

/* Begin PBXProject section */
		F6EDC67E1B35E14B00444A2F /* Project object */ = {
			isa = PBXProject;
			attributes = {
				LastUpgradeCheck = 0630;
				ORGANIZATIONNAME = "Cloudy Coast Software";
				TargetAttributes = {
					F6EDC6851B35E14B00444A2F = {
						CreatedOnToolsVersion = 6.3.2;
					};
					F6EDC69E1B35E14B00444A2F = {
						CreatedOnToolsVersion = 6.3.2;
						TestTargetID = F6EDC6851B35E14B00444A2F;
					};
				};
			};
			buildConfigurationList = F6EDC6811B35E14B00444A2F /* Build configuration list for PBXProject "EatNomsMap" */;
			compatibilityVersion = "Xcode 3.2";
			developmentRegion = English;
			hasScannedForEncodings = 0;
			knownRegions = (
				en,
				Base,
			);
			mainGroup = F6EDC67D1B35E14B00444A2F;
			productRefGroup = F6EDC6871B35E14B00444A2F /* Products */;
			projectDirPath = "";
			projectRoot = "";
			targets = (
				F6EDC6851B35E14B00444A2F /* EatNomsMap */,
				F6EDC69E1B35E14B00444A2F /* EatNomsMapTests */,
			);
		};
/* End PBXProject section */

/* Begin PBXResourcesBuildPhase section */
		F6EDC6841B35E14B00444A2F /* Resources */ = {
			isa = PBXResourcesBuildPhase;
			buildActionMask = 2147483647;
			files = (
				F6EDC6951B35E14B00444A2F /* Main.storyboard in Resources */,
				F6EDC69A1B35E14B00444A2F /* LaunchScreen.xib in Resources */,
				F6EDC6971B35E14B00444A2F /* Images.xcassets in Resources */,
			);
			runOnlyForDeploymentPostprocessing = 0;
		};
		F6EDC69D1B35E14B00444A2F /* Resources */ = {
			isa = PBXResourcesBuildPhase;
			buildActionMask = 2147483647;
			files = (
			);
			runOnlyForDeploymentPostprocessing = 0;
		};
/* End PBXResourcesBuildPhase section */

/* Begin PBXSourcesBuildPhase section */
		F6EDC6821B35E14B00444A2F /* Sources */ = {
			isa = PBXSourcesBuildPhase;
			buildActionMask = 2147483647;
			files = (
				F6EDC68F1B35E14B00444A2F /* AppDelegate.m in Sources */,
				F6EDC6D91B37480A00444A2F /* MapListViewController.m in Sources */,
				F6EDC68C1B35E14B00444A2F /* main.m in Sources */,
				F6EDC6CC1B35E91E00444A2F /* HomeViewController.m in Sources */,
				F6EDC6D41B36202900444A2F /* dropPin.m in Sources */,
				F6EDC6CF1B35F12200444A2F /* MapsViewController.m in Sources */,
			);
			runOnlyForDeploymentPostprocessing = 0;
		};
		F6EDC69B1B35E14B00444A2F /* Sources */ = {
			isa = PBXSourcesBuildPhase;
			buildActionMask = 2147483647;
			files = (
				F6EDC6A61B35E14B00444A2F /* EatNomsMapTests.m in Sources */,
			);
			runOnlyForDeploymentPostprocessing = 0;
		};
/* End PBXSourcesBuildPhase section */

/* Begin PBXTargetDependency section */
		F6EDC6A11B35E14B00444A2F /* PBXTargetDependency */ = {
			isa = PBXTargetDependency;
			target = F6EDC6851B35E14B00444A2F /* EatNomsMap */;
			targetProxy = F6EDC6A01B35E14B00444A2F /* PBXContainerItemProxy */;
		};
/* End PBXTargetDependency section */

/* Begin PBXVariantGroup section */
		F6EDC6931B35E14B00444A2F /* Main.storyboard */ = {
			isa = PBXVariantGroup;
			children = (
				F6EDC6941B35E14B00444A2F /* Base */,
			);
			name = Main.storyboard;
			path = EatNomsMap;
			sourceTree = "<group>";
		};
		F6EDC6981B35E14B00444A2F /* LaunchScreen.xib */ = {
			isa = PBXVariantGroup;
			children = (
				F6EDC6991B35E14B00444A2F /* Base */,
			);
			name = LaunchScreen.xib;
			sourceTree = "<group>";
		};
/* End PBXVariantGroup section */

/* Begin XCBuildConfiguration section */
		F6EDC6A71B35E14B00444A2F /* Debug */ = {
			isa = XCBuildConfiguration;
			buildSettings = {
				ALWAYS_SEARCH_USER_PATHS = NO;
				CLANG_CXX_LANGUAGE_STANDARD = "gnu++0x";
				CLANG_CXX_LIBRARY = "libc++";
				CLANG_ENABLE_MODULES = YES;
				CLANG_ENABLE_OBJC_ARC = YES;
				CLANG_WARN_BOOL_CONVERSION = YES;
				CLANG_WARN_CONSTANT_CONVERSION = YES;
				CLANG_WARN_DIRECT_OBJC_ISA_USAGE = YES_ERROR;
				CLANG_WARN_EMPTY_BODY = YES;
				CLANG_WARN_ENUM_CONVERSION = YES;
				CLANG_WARN_INT_CONVERSION = YES;
				CLANG_WARN_OBJC_ROOT_CLASS = YES_ERROR;
				CLANG_WARN_UNREACHABLE_CODE = YES;
				CLANG_WARN__DUPLICATE_METHOD_MATCH = YES;
				"CODE_SIGN_IDENTITY[sdk=iphoneos*]" = "iPhone Developer";
				COPY_PHASE_STRIP = NO;
				DEBUG_INFORMATION_FORMAT = "dwarf-with-dsym";
				ENABLE_STRICT_OBJC_MSGSEND = YES;
				GCC_C_LANGUAGE_STANDARD = gnu99;
				GCC_DYNAMIC_NO_PIC = NO;
				GCC_NO_COMMON_BLOCKS = YES;
				GCC_OPTIMIZATION_LEVEL = 0;
				GCC_PREPROCESSOR_DEFINITIONS = (
					"DEBUG=1",
					"$(inherited)",
				);
				GCC_SYMBOLS_PRIVATE_EXTERN = NO;
				GCC_WARN_64_TO_32_BIT_CONVERSION = YES;
				GCC_WARN_ABOUT_RETURN_TYPE = YES_ERROR;
				GCC_WARN_UNDECLARED_SELECTOR = YES;
				GCC_WARN_UNINITIALIZED_AUTOS = YES_AGGRESSIVE;
				GCC_WARN_UNUSED_FUNCTION = YES;
				GCC_WARN_UNUSED_VARIABLE = YES;
				IPHONEOS_DEPLOYMENT_TARGET = 8.3;
				MTL_ENABLE_DEBUG_INFO = YES;
				ONLY_ACTIVE_ARCH = YES;
				SDKROOT = iphoneos;
			};
			name = Debug;
		};
		F6EDC6A81B35E14B00444A2F /* Release */ = {
			isa = XCBuildConfiguration;
			buildSettings = {
				ALWAYS_SEARCH_USER_PATHS = NO;
				CLANG_CXX_LANGUAGE_STANDARD = "gnu++0x";
				CLANG_CXX_LIBRARY = "libc++";
				CLANG_ENABLE_MODULES = YES;
				CLANG_ENABLE_OBJC_ARC = YES;
				CLANG_WARN_BOOL_CONVERSION = YES;
				CLANG_WARN_CONSTANT_CONVERSION = YES;
				CLANG_WARN_DIRECT_OBJC_ISA_USAGE = YES_ERROR;
				CLANG_WARN_EMPTY_BODY = YES;
				CLANG_WARN_ENUM_CONVERSION = YES;
				CLANG_WARN_INT_CONVERSION = YES;
				CLANG_WARN_OBJC_ROOT_CLASS = YES_ERROR;
				CLANG_WARN_UNREACHABLE_CODE = YES;
				CLANG_WARN__DUPLICATE_METHOD_MATCH = YES;
				"CODE_SIGN_IDENTITY[sdk=iphoneos*]" = "iPhone Developer";
				COPY_PHASE_STRIP = NO;
				DEBUG_INFORMATION_FORMAT = "dwarf-with-dsym";
				ENABLE_NS_ASSERTIONS = NO;
				ENABLE_STRICT_OBJC_MSGSEND = YES;
				GCC_C_LANGUAGE_STANDARD = gnu99;
				GCC_NO_COMMON_BLOCKS = YES;
				GCC_WARN_64_TO_32_BIT_CONVERSION = YES;
				GCC_WARN_ABOUT_RETURN_TYPE = YES_ERROR;
				GCC_WARN_UNDECLARED_SELECTOR = YES;
				GCC_WARN_UNINITIALIZED_AUTOS = YES_AGGRESSIVE;
				GCC_WARN_UNUSED_FUNCTION = YES;
				GCC_WARN_UNUSED_VARIABLE = YES;
				IPHONEOS_DEPLOYMENT_TARGET = 8.3;
				MTL_ENABLE_DEBUG_INFO = NO;
				SDKROOT = iphoneos;
				VALIDATE_PRODUCT = YES;
			};
			name = Release;
		};
		F6EDC6AA1B35E14B00444A2F /* Debug */ = {
			isa = XCBuildConfiguration;
			buildSettings = {
				ASSETCATALOG_COMPILER_APPICON_NAME = AppIcon;
				FRAMEWORK_SEARCH_PATHS = (
					"$(inherited)",
					"$(PROJECT_DIR)/EatNomsMap",
				);
				INFOPLIST_FILE = EatNomsMap/Info.plist;
				LD_RUNPATH_SEARCH_PATHS = "$(inherited) @executable_path/Frameworks";
				PRODUCT_NAME = "$(TARGET_NAME)";
			};
			name = Debug;
		};
		F6EDC6AB1B35E14B00444A2F /* Release */ = {
			isa = XCBuildConfiguration;
			buildSettings = {
				ASSETCATALOG_COMPILER_APPICON_NAME = AppIcon;
				FRAMEWORK_SEARCH_PATHS = (
					"$(inherited)",
					"$(PROJECT_DIR)/EatNomsMap",
				);
				INFOPLIST_FILE = EatNomsMap/Info.plist;
				LD_RUNPATH_SEARCH_PATHS = "$(inherited) @executable_path/Frameworks";
				PRODUCT_NAME = "$(TARGET_NAME)";
			};
			name = Release;
		};
		F6EDC6AD1B35E14B00444A2F /* Debug */ = {
			isa = XCBuildConfiguration;
			buildSettings = {
				BUNDLE_LOADER = "$(TEST_HOST)";
				FRAMEWORK_SEARCH_PATHS = (
					"$(SDKROOT)/Developer/Library/Frameworks",
					"$(inherited)",
				);
				GCC_PREPROCESSOR_DEFINITIONS = (
					"DEBUG=1",
					"$(inherited)",
				);
				INFOPLIST_FILE = EatNomsMapTests/Info.plist;
				LD_RUNPATH_SEARCH_PATHS = "$(inherited) @executable_path/Frameworks @loader_path/Frameworks";
				PRODUCT_NAME = "$(TARGET_NAME)";
				TEST_HOST = "$(BUILT_PRODUCTS_DIR)/EatNomsMap.app/EatNomsMap";
			};
			name = Debug;
		};
		F6EDC6AE1B35E14B00444A2F /* Release */ = {
			isa = XCBuildConfiguration;
			buildSettings = {
				BUNDLE_LOADER = "$(TEST_HOST)";
				FRAMEWORK_SEARCH_PATHS = (
					"$(SDKROOT)/Developer/Library/Frameworks",
					"$(inherited)",
				);
				INFOPLIST_FILE = EatNomsMapTests/Info.plist;
				LD_RUNPATH_SEARCH_PATHS = "$(inherited) @executable_path/Frameworks @loader_path/Frameworks";
				PRODUCT_NAME = "$(TARGET_NAME)";
				TEST_HOST = "$(BUILT_PRODUCTS_DIR)/EatNomsMap.app/EatNomsMap";
			};
			name = Release;
		};
/* End XCBuildConfiguration section */

/* Begin XCConfigurationList section */
		F6EDC6811B35E14B00444A2F /* Build configuration list for PBXProject "EatNomsMap" */ = {
			isa = XCConfigurationList;
			buildConfigurations = (
				F6EDC6A71B35E14B00444A2F /* Debug */,
				F6EDC6A81B35E14B00444A2F /* Release */,
			);
			defaultConfigurationIsVisible = 0;
			defaultConfigurationName = Release;
		};
		F6EDC6A91B35E14B00444A2F /* Build configuration list for PBXNativeTarget "EatNomsMap" */ = {
			isa = XCConfigurationList;
			buildConfigurations = (
				F6EDC6AA1B35E14B00444A2F /* Debug */,
				F6EDC6AB1B35E14B00444A2F /* Release */,
			);
			defaultConfigurationIsVisible = 0;
			defaultConfigurationName = Release;
		};
		F6EDC6AC1B35E14B00444A2F /* Build configuration list for PBXNativeTarget "EatNomsMapTests" */ = {
			isa = XCConfigurationList;
			buildConfigurations = (
				F6EDC6AD1B35E14B00444A2F /* Debug */,
				F6EDC6AE1B35E14B00444A2F /* Release */,
			);
			defaultConfigurationIsVisible = 0;
			defaultConfigurationName = Release;
		};
/* End XCConfigurationList section */
	};
	rootObject = F6EDC67E1B35E14B00444A2F /* Project object */;
}
